
Microsoft Visual Studio Solution File, Format Version 12.00
# Visual Studio 15
VisualStudioVersion = 15.0.27130.0
MinimumVisualStudioVersion = 10.0.40219.1
Project("{E24C65DC-7377-472B-9ABA-BC803B73C61A}") = "WebService", "WebService\", "{D778C920-A1F7-418B-B1AE-2CCE75B1B931}"
	ProjectSection(WebsiteProperties) = preProject
		TargetFrameworkMoniker = ".NETFramework,Version%3Dv3.5"
		ProjectReferences = "{e5ad4434-b048-4f5b-a6b9-5063c7b25418}|Negocio.dll;"
		Debug.AspNetCompiler.VirtualPath = "/localhost_58279"
		Debug.AspNetCompiler.PhysicalPath = "WebService\"
		Debug.AspNetCompiler.TargetPath = "PrecompiledWeb\localhost_58279\"
		Debug.AspNetCompiler.Updateable = "true"
		Debug.AspNetCompiler.ForceOverwrite = "true"
		Debug.AspNetCompiler.FixedNames = "false"
		Debug.AspNetCompiler.Debug = "True"
		Release.AspNetCompiler.VirtualPath = "/localhost_58279"
		Release.AspNetCompiler.PhysicalPath = "WebService\"
		Release.AspNetCompiler.TargetPath = "PrecompiledWeb\localhost_58279\"
		Release.AspNetCompiler.Updateable = "true"
		Release.AspNetCompiler.ForceOverwrite = "true"
		Release.AspNetCompiler.FixedNames = "false"
		Release.AspNetCompiler.Debug = "False"
		VWDPort = "58279"
		SlnRelativePath = "WebService\"
		DefaultWebSiteLanguage = "Visual Basic"
	EndProjectSection
EndProject
Project("{F184B08F-C81C-45F6-A57F-5ABD9991F28F}") = "Negocio", "Negocio\Negocio.vbproj", "{E5AD4434-B048-4F5B-A6B9-5063C7B25418}"
EndProject
Project("{F184B08F-C81C-45F6-A57F-5ABD9991F28F}") = "WindowsForms", "WindowsForms\WindowsForms.vbproj", "{A65429FF-11DF-4EED-91EB-37627CCED34E}"
	ProjectSection(ProjectDependencies) = postProject
		{D778C920-A1F7-418B-B1AE-2CCE75B1B931} = {D778C920-A1F7-418B-B1AE-2CCE75B1B931}
	EndProjectSection
EndProject
Project("{F184B08F-C81C-45F6-A57F-5ABD9991F28F}") = "WebForms", "WebForms\WebForms.vbproj", "{AD6E3E76-68F0-4604-A0C9-00463A825F15}"
EndProject
Global
	GlobalSection(SolutionConfigurationPlatforms) = preSolution
		Debug|Any CPU = Debug|Any CPU
		Release|Any CPU = Release|Any CPU
	EndGlobalSection
	GlobalSection(ProjectConfigurationPlatforms) = postSolution
		{D778C920-A1F7-418B-B1AE-2CCE75B1B931}.Debug|Any CPU.ActiveCfg = Debug|Any CPU
		{D778C920-A1F7-418B-B1AE-2CCE75B1B931}.Debug|Any CPU.Build.0 = Debug|Any CPU
		{D778C920-A1F7-418B-B1AE-2CCE75B1B931}.Release|Any CPU.ActiveCfg = Debug|Any CPU
		{D778C920-A1F7-418B-B1AE-2CCE75B1B931}.Release|Any CPU.Build.0 = Debug|Any CPU
		{E5AD4434-B048-4F5B-A6B9-5063C7B25418}.Debug|Any CPU.ActiveCfg = Debug|Any CPU
		{E5AD4434-B048-4F5B-A6B9-5063C7B25418}.Debug|Any CPU.Build.0 = Debug|Any CPU
		{E5AD4434-B048-4F5B-A6B9-5063C7B25418}.Release|Any CPU.ActiveCfg = Release|Any CPU
		{E5AD4434-B048-4F5B-A6B9-5063C7B25418}.Release|Any CPU.Build.0 = Release|Any CPU
		{A65429FF-11DF-4EED-91EB-37627CCED34E}.Debug|Any CPU.ActiveCfg = Debug|Any CPU
		{A65429FF-11DF-4EED-91EB-37627CCED34E}.Debug|Any CPU.Build.0 = Debug|Any CPU
		{A65429FF-11DF-4EED-91EB-37627CCED34E}.Release|Any CPU.ActiveCfg = Release|Any CPU
		{A65429FF-11DF-4EED-91EB-37627CCED34E}.Release|Any CPU.Build.0 = Release|Any CPU
		{AD6E3E76-68F0-4604-A0C9-00463A825F15}.Debug|Any CPU.ActiveCfg = Debug|Any CPU
		{AD6E3E76-68F0-4604-A0C9-00463A825F15}.Debug|Any CPU.Build.0 = Debug|Any CPU
		{AD6E3E76-68F0-4604-A0C9-00463A825F15}.Release|Any CPU.ActiveCfg = Release|Any CPU
		{AD6E3E76-68F0-4604-A0C9-00463A825F15}.Release|Any CPU.Build.0 = Release|Any CPU
	EndGlobalSection
	GlobalSection(SolutionProperties) = preSolution
		HideSolutionNode = FALSE
	EndGlobalSection
	GlobalSection(ExtensibilityGlobals) = postSolution
		SolutionGuid = {6B9ACEDF-55B2-4967-A42F-40F434DFE260}
	EndGlobalSection
EndGlobal
